// !$*UTF8*$!
{
	archiveVersion = 1;
	classes = {
	};
	objectVersion = 77;
	objects = {

/* Begin PBXContainerItemProxy section */
		D9212C002D9DB357005AED87 /* PBXContainerItemProxy */ = {
			isa = PBXContainerItemProxy;
			containerPortal = D9212BE52D9DB356005AED87 /* Project object */;
			proxyType = 1;
			remoteGlobalIDString = D9212BEC2D9DB356005AED87;
			remoteInfo = SelfGrowth;
		};
		D9212C0A2D9DB357005AED87 /* PBXContainerItemProxy */ = {
			isa = PBXContainerItemProxy;
			containerPortal = D9212BE52D9DB356005AED87 /* Project object */;
			proxyType = 1;
			remoteGlobalIDString = D9212BEC2D9DB356005AED87;
			remoteInfo = SelfGrowth;
		};
/* End PBXContainerItemProxy section */

/* Begin PBXFileReference section */
		D9212BED2D9DB356005AED87 /* SelfGrowth.app */ = {isa = PBXFileReference; explicitFileType = wrapper.application; includeInIndex = 0; path = SelfGrowth.app; sourceTree = BUILT_PRODUCTS_DIR; };
		D9212BFF2D9DB357005AED87 /* SelfGrowthTests.xctest */ = {isa = PBXFileReference; explicitFileType = wrapper.cfbundle; includeInIndex = 0; path = SelfGrowthTests.xctest; sourceTree = BUILT_PRODUCTS_DIR; };
		D9212C092D9DB357005AED87 /* SelfGrowthUITests.xctest */ = {isa = PBXFileReference; explicitFileType = wrapper.cfbundle; includeInIndex = 0; path = SelfGrowthUITests.xctest; sourceTree = BUILT_PRODUCTS_DIR; };
/* End PBXFileReference section */

/* Begin PBXFileSystemSynchronizedBuildFileExceptionSet section */
		D9212CA02DA8B51D005AED87 /* Exceptions for "SelfGrowth" folder in "SelfGrowth" target */ = {
			isa = PBXFileSystemSynchronizedBuildFileExceptionSet;
			membershipExceptions = (
				Assets.xcassets,
				ByeView.swift,
				Components/Background/ActivityCardView.swift,
				Components/Background/CloudView.swift,
				Components/Background/LoggedActivityCardView.swift,
				Components/Background/SkyBackgroundView.swift,
				Components/Background/SunView.swift,
				Components/Background/TopCloudView.swift,
				Components/Classes/Activity.swift,
				Components/Classes/ActivityLog.swift,
				Components/Constant/CategoryData.swift,
				Components/Constant/JournalCategory.swift,
				Components/Navigation/CustomTabBarView.swift,
				Components/Plant/PlantView.swift,
				Item.swift,
				"Preview Content/Preview Assets.xcassets",
				Screens/AddActivityView.swift,
				Screens/DeleteActivityView.swift,
				Screens/HomeView.swift,
				Screens/JournalView.swift,
				Screens/LogActivityView.swift,
				Screens/TrackView.swift,
				SelfGrowthApp.swift,
			);
			target = D9212BEC2D9DB356005AED87 /* SelfGrowth */;
		};
		D9212CA12DA8B51D005AED87 /* Exceptions for "SelfGrowth" folder in "SelfGrowthUITests" target */ = {
			isa = PBXFileSystemSynchronizedBuildFileExceptionSet;
			membershipExceptions = (
				Assets.xcassets,
				ByeView.swift,
				Components/Background/ActivityCardView.swift,
				Components/Background/CloudView.swift,
				Components/Background/LoggedActivityCardView.swift,
				Components/Background/SkyBackgroundView.swift,
				Components/Background/SunView.swift,
				Components/Background/TopCloudView.swift,
				Components/Navigation/CustomTabBarView.swift,
				Components/Plant/PlantView.swift,
				Item.swift,
				"Preview Content/Preview Assets.xcassets",
				Screens/AddActivityView.swift,
				Screens/DeleteActivityView.swift,
				Screens/HomeView.swift,
				Screens/JournalView.swift,
				Screens/LogActivityView.swift,
				Screens/TrackView.swift,
				SelfGrowthApp.swift,
				SelfGrowthTests/SelfGrowthTests.swift,
			);
			target = D9212C082D9DB357005AED87 /* SelfGrowthUITests */;
		};
		D9EDFD132DD3CD1E00CFE273 /* Exceptions for "SelfGrowth" folder in "SelfGrowthTests" target */ = {
			isa = PBXFileSystemSynchronizedBuildFileExceptionSet;
			membershipExceptions = (
				SelfGrowthTests/SelfGrowthTests.swift,
			);
			target = D9212BFE2D9DB357005AED87 /* SelfGrowthTests */;
		};
/* End PBXFileSystemSynchronizedBuildFileExceptionSet section */

/* Begin PBXFileSystemSynchronizedRootGroup section */
		D9212C0C2D9DB357005AED87 /* SelfGrowthUITests */ = {
			isa = PBXFileSystemSynchronizedRootGroup;
			path = SelfGrowthUITests;
			sourceTree = "<group>";
		};
		D9212C932DA8B51D005AED87 /* SelfGrowth */ = {
			isa = PBXFileSystemSynchronizedRootGroup;
			exceptions = (
				D9212CA02DA8B51D005AED87 /* Exceptions for "SelfGrowth" folder in "SelfGrowth" target */,
				D9EDFD132DD3CD1E00CFE273 /* Exceptions for "SelfGrowth" folder in "SelfGrowthTests" target */,
				D9212CA12DA8B51D005AED87 /* Exceptions for "SelfGrowth" folder in "SelfGrowthUITests" target */,
			);
			path = SelfGrowth;
			sourceTree = "<group>";
		};
/* End PBXFileSystemSynchronizedRootGroup section */

/* Begin PBXFrameworksBuildPhase section */
		D9212BEA2D9DB356005AED87 /* Frameworks */ = {
			isa = PBXFrameworksBuildPhase;
			buildActionMask = 2147483647;
			files = (
			);
			runOnlyForDeploymentPostprocessing = 0;
		};
		D9212BFC2D9DB357005AED87 /* Frameworks */ = {
			isa = PBXFrameworksBuildPhase;
			buildActionMask = 2147483647;
			files = (
			);
			runOnlyForDeploymentPostprocessing = 0;
		};
		D9212C062D9DB357005AED87 /* Frameworks */ = {
			isa = PBXFrameworksBuildPhase;
			buildActionMask = 2147483647;
			files = (
			);
			runOnlyForDeploymentPostprocessing = 0;
		};
/* End PBXFrameworksBuildPhase section */

/* Begin PBXGroup section */
		D9212BE42D9DB356005AED87 = {
			isa = PBXGroup;
			children = (
				D9212C932DA8B51D005AED87 /* SelfGrowth */,
				D9212C0C2D9DB357005AED87 /* SelfGrowthUITests */,
				D9212BEE2D9DB356005AED87 /* Products */,
			);
			sourceTree = "<group>";
		};
		D9212BEE2D9DB356005AED87 /* Products */ = {
			isa = PBXGroup;
			children = (
				D9212BED2D9DB356005AED87 /* SelfGrowth.app */,
				D9212BFF2D9DB357005AED87 /* SelfGrowthTests.xctest */,
				D9212C092D9DB357005AED87 /* SelfGrowthUITests.xctest */,
			);
			name = Products;
			sourceTree = "<group>";
		};
/* End PBXGroup section */

/* Begin PBXNativeTarget section */
		D9212BEC2D9DB356005AED87 /* SelfGrowth */ = {
			isa = PBXNativeTarget;
			buildConfigurationList = D9212C132D9DB357005AED87 /* Build configuration list for PBXNativeTarget "SelfGrowth" */;
			buildPhases = (
				D9212BE92D9DB356005AED87 /* Sources */,
				D9212BEA2D9DB356005AED87 /* Frameworks */,
				D9212BEB2D9DB356005AED87 /* Resources */,
			);
			buildRules = (
			);
			dependencies = (
			);
			name = SelfGrowth;
			packageProductDependencies = (
			);
			productName = SelfGrowth;
			productReference = D9212BED2D9DB356005AED87 /* SelfGrowth.app */;
			productType = "com.apple.product-type.application";
		};
		D9212BFE2D9DB357005AED87 /* SelfGrowthTests */ = {
			isa = PBXNativeTarget;
			buildConfigurationList = D9212C162D9DB357005AED87 /* Build configuration list for PBXNativeTarget "SelfGrowthTests" */;
			buildPhases = (
				D9212BFB2D9DB357005AED87 /* Sources */,
				D9212BFC2D9DB357005AED87 /* Frameworks */,
				D9212BFD2D9DB357005AED87 /* Resources */,
			);
			buildRules = (
			);
			dependencies = (
				D9212C012D9DB357005AED87 /* PBXTargetDependency */,
			);
			name = SelfGrowthTests;
			packageProductDependencies = (
			);
			productName = SelfGrowthTests;
			productReference = D9212BFF2D9DB357005AED87 /* SelfGrowthTests.xctest */;
			productType = "com.apple.product-type.bundle.unit-test";
		};
		D9212C082D9DB357005AED87 /* SelfGrowthUITests */ = {
			isa = PBXNativeTarget;
			buildConfigurationList = D9212C192D9DB357005AED87 /* Build configuration list for PBXNativeTarget "SelfGrowthUITests" */;
			buildPhases = (
				D9212C052D9DB357005AED87 /* Sources */,
				D9212C062D9DB357005AED87 /* Frameworks */,
				D9212C072D9DB357005AED87 /* Resources */,
			);
			buildRules = (
			);
			dependencies = (
				D9212C0B2D9DB357005AED87 /* PBXTargetDependency */,
			);
			fileSystemSynchronizedGroups = (
				D9212C0C2D9DB357005AED87 /* SelfGrowthUITests */,
				D9212C932DA8B51D005AED87 /* SelfGrowth */,
			);
			name = SelfGrowthUITests;
			packageProductDependencies = (
			);
			productName = SelfGrowthUITests;
			productReference = D9212C092D9DB357005AED87 /* SelfGrowthUITests.xctest */;
			productType = "com.apple.product-type.bundle.ui-testing";
		};
/* End PBXNativeTarget section */

/* Begin PBXProject section */
		D9212BE52D9DB356005AED87 /* Project object */ = {
			isa = PBXProject;
			attributes = {
				BuildIndependentTargetsInParallel = 1;
				LastSwiftUpdateCheck = 1620;
				LastUpgradeCheck = 1620;
				TargetAttributes = {
					D9212BEC2D9DB356005AED87 = {
						CreatedOnToolsVersion = 16.2;
					};
					D9212BFE2D9DB357005AED87 = {
						CreatedOnToolsVersion = 16.2;
						TestTargetID = D9212BEC2D9DB356005AED87;
					};
					D9212C082D9DB357005AED87 = {
						CreatedOnToolsVersion = 16.2;
						TestTargetID = D9212BEC2D9DB356005AED87;
					};
				};
			};
			buildConfigurationList = D9212BE82D9DB356005AED87 /* Build configuration list for PBXProject "SelfGrowth" */;
			developmentRegion = en;
			hasScannedForEncodings = 0;
			knownRegions = (
				en,
				Base,
			);
			mainGroup = D9212BE42D9DB356005AED87;
			minimizedProjectReferenceProxies = 1;
			preferredProjectObjectVersion = 77;
			productRefGroup = D9212BEE2D9DB356005AED87 /* Products */;
			projectDirPath = "";
			projectRoot = "";
			targets = (
				D9212BEC2D9DB356005AED87 /* SelfGrowth */,
				D9212BFE2D9DB357005AED87 /* SelfGrowthTests */,
				D9212C082D9DB357005AED87 /* SelfGrowthUITests */,
			);
		};
/* End PBXProject section */

/* Begin PBXResourcesBuildPhase section */
		D9212BEB2D9DB356005AED87 /* Resources */ = {
			isa = PBXResourcesBuildPhase;
			buildActionMask = 2147483647;
			files = (
			);
			runOnlyForDeploymentPostprocessing = 0;
		};
		D9212BFD2D9DB357005AED87 /* Resources */ = {
			isa = PBXResourcesBuildPhase;
			buildActionMask = 2147483647;
			files = (
			);
			runOnlyForDeploymentPostprocessing = 0;
		};
		D9212C072D9DB357005AED87 /* Resources */ = {
			isa = PBXResourcesBuildPhase;
			buildActionMask = 2147483647;
			files = (
			);
			runOnlyForDeploymentPostprocessing = 0;
		};
/* End PBXResourcesBuildPhase section */

/* Begin PBXSourcesBuildPhase section */
		D9212BE92D9DB356005AED87 /* Sources */ = {
			isa = PBXSourcesBuildPhase;
			buildActionMask = 2147483647;
			files = (
			);
			runOnlyForDeploymentPostprocessing = 0;
		};
		D9212BFB2D9DB357005AED87 /* Sources */ = {
			isa = PBXSourcesBuildPhase;
			buildActionMask = 2147483647;
			files = (
			);
			runOnlyForDeploymentPostprocessing = 0;
		};
		D9212C052D9DB357005AED87 /* Sources */ = {
			isa = PBXSourcesBuildPhase;
			buildActionMask = 2147483647;
			files = (
			);
			runOnlyForDeploymentPostprocessing = 0;
		};
/* End PBXSourcesBuildPhase section */

/* Begin PBXTargetDependency section */
		D9212C012D9DB357005AED87 /* PBXTargetDependency */ = {
			isa = PBXTargetDependency;
			target = D9212BEC2D9DB356005AED87 /* SelfGrowth */;
			targetProxy = D9212C002D9DB357005AED87 /* PBXContainerItemProxy */;
		};
		D9212C0B2D9DB357005AED87 /* PBXTargetDependency */ = {
			isa = PBXTargetDependency;
			target = D9212BEC2D9DB356005AED87 /* SelfGrowth */;
			targetProxy = D9212C0A2D9DB357005AED87 /* PBXContainerItemProxy */;
		};
/* End PBXTargetDependency section */

/* Begin XCBuildConfiguration section */
		D9212C112D9DB357005AED87 /* Debug */ = {
			isa = XCBuildConfiguration;
			buildSettings = {
				ALWAYS_SEARCH_USER_PATHS = NO;
				ASSETCATALOG_COMPILER_GENERATE_SWIFT_ASSET_SYMBOL_EXTENSIONS = YES;
				CLANG_ANALYZER_NONNULL = YES;
				CLANG_ANALYZER_NUMBER_OBJECT_CONVERSION = YES_AGGRESSIVE;
				CLANG_CXX_LANGUAGE_STANDARD = "gnu++20";
				CLANG_ENABLE_MODULES = YES;
				CLANG_ENABLE_OBJC_ARC = YES;
				CLANG_ENABLE_OBJC_WEAK = YES;
				CLANG_WARN_BLOCK_CAPTURE_AUTORELEASING = YES;
				CLANG_WARN_BOOL_CONVERSION = YES;
				CLANG_WARN_COMMA = YES;
				CLANG_WARN_CONSTANT_CONVERSION = YES;
				CLANG_WARN_DEPRECATED_OBJC_IMPLEMENTATIONS = YES;
				CLANG_WARN_DIRECT_OBJC_ISA_USAGE = YES_ERROR;
				CLANG_WARN_DOCUMENTATION_COMMENTS = YES;
				CLANG_WARN_EMPTY_BODY = YES;
				CLANG_WARN_ENUM_CONVERSION = YES;
				CLANG_WARN_INFINITE_RECURSION = YES;
				CLANG_WARN_INT_CONVERSION = YES;
				CLANG_WARN_NON_LITERAL_NULL_CONVERSION = YES;
				CLANG_WARN_OBJC_IMPLICIT_RETAIN_SELF = YES;
				CLANG_WARN_OBJC_LITERAL_CONVERSION = YES;
				CLANG_WARN_OBJC_ROOT_CLASS = YES_ERROR;
				CLANG_WARN_QUOTED_INCLUDE_IN_FRAMEWORK_HEADER = YES;
				CLANG_WARN_RANGE_LOOP_ANALYSIS = YES;
				CLANG_WARN_STRICT_PROTOTYPES = YES;
				CLANG_WARN_SUSPICIOUS_MOVE = YES;
				CLANG_WARN_UNGUARDED_AVAILABILITY = YES_AGGRESSIVE;
				CLANG_WARN_UNREACHABLE_CODE = YES;
				CLANG_WARN__DUPLICATE_METHOD_MATCH = YES;
				COPY_PHASE_STRIP = NO;
				DEBUG_INFORMATION_FORMAT = dwarf;
				ENABLE_STRICT_OBJC_MSGSEND = YES;
				ENABLE_TESTABILITY = YES;
				ENABLE_USER_SCRIPT_SANDBOXING = YES;
				GCC_C_LANGUAGE_STANDARD = gnu17;
				GCC_DYNAMIC_NO_PIC = NO;
				GCC_NO_COMMON_BLOCKS = YES;
				GCC_OPTIMIZATION_LEVEL = 0;
				GCC_PREPROCESSOR_DEFINITIONS = (
					"DEBUG=1",
					"$(inherited)",
				);
				GCC_WARN_64_TO_32_BIT_CONVERSION = YES;
				GCC_WARN_ABOUT_RETURN_TYPE = YES_ERROR;
				GCC_WARN_UNDECLARED_SELECTOR = YES;
				GCC_WARN_UNINITIALIZED_AUTOS = YES_AGGRESSIVE;
				GCC_WARN_UNUSED_FUNCTION = YES;
				GCC_WARN_UNUSED_VARIABLE = YES;
				IPHONEOS_DEPLOYMENT_TARGET = 18.2;
				LOCALIZATION_PREFERS_STRING_CATALOGS = YES;
				MTL_ENABLE_DEBUG_INFO = INCLUDE_SOURCE;
				MTL_FAST_MATH = YES;
				ONLY_ACTIVE_ARCH = YES;
				SDKROOT = iphoneos;
				SWIFT_ACTIVE_COMPILATION_CONDITIONS = "DEBUG $(inherited)";
				SWIFT_OPTIMIZATION_LEVEL = "-Onone";
			};
			name = Debug;
		};
		D9212C122D9DB357005AED87 /* Release */ = {
			isa = XCBuildConfiguration;
			buildSettings = {
				ALWAYS_SEARCH_USER_PATHS = NO;
				ASSETCATALOG_COMPILER_GENERATE_SWIFT_ASSET_SYMBOL_EXTENSIONS = YES;
				CLANG_ANALYZER_NONNULL = YES;
				CLANG_ANALYZER_NUMBER_OBJECT_CONVERSION = YES_AGGRESSIVE;
				CLANG_CXX_LANGUAGE_STANDARD = "gnu++20";
				CLANG_ENABLE_MODULES = YES;
				CLANG_ENABLE_OBJC_ARC = YES;
				CLANG_ENABLE_OBJC_WEAK = YES;
				CLANG_WARN_BLOCK_CAPTURE_AUTORELEASING = YES;
				CLANG_WARN_BOOL_CONVERSION = YES;
				CLANG_WARN_COMMA = YES;
				CLANG_WARN_CONSTANT_CONVERSION = YES;
				CLANG_WARN_DEPRECATED_OBJC_IMPLEMENTATIONS = YES;
				CLANG_WARN_DIRECT_OBJC_ISA_USAGE = YES_ERROR;
				CLANG_WARN_DOCUMENTATION_COMMENTS = YES;
				CLANG_WARN_EMPTY_BODY = YES;
				CLANG_WARN_ENUM_CONVERSION = YES;
				CLANG_WARN_INFINITE_RECURSION = YES;
				CLANG_WARN_INT_CONVERSION = YES;
				CLANG_WARN_NON_LITERAL_NULL_CONVERSION = YES;
				CLANG_WARN_OBJC_IMPLICIT_RETAIN_SELF = YES;
				CLANG_WARN_OBJC_LITERAL_CONVERSION = YES;
				CLANG_WARN_OBJC_ROOT_CLASS = YES_ERROR;
				CLANG_WARN_QUOTED_INCLUDE_IN_FRAMEWORK_HEADER = YES;
				CLANG_WARN_RANGE_LOOP_ANALYSIS = YES;
				CLANG_WARN_STRICT_PROTOTYPES = YES;
				CLANG_WARN_SUSPICIOUS_MOVE = YES;
				CLANG_WARN_UNGUARDED_AVAILABILITY = YES_AGGRESSIVE;
				CLANG_WARN_UNREACHABLE_CODE = YES;
				CLANG_WARN__DUPLICATE_METHOD_MATCH = YES;
				COPY_PHASE_STRIP = NO;
				DEBUG_INFORMATION_FORMAT = "dwarf-with-dsym";
				ENABLE_NS_ASSERTIONS = NO;
				ENABLE_STRICT_OBJC_MSGSEND = YES;
				ENABLE_USER_SCRIPT_SANDBOXING = YES;
				GCC_C_LANGUAGE_STANDARD = gnu17;
				GCC_NO_COMMON_BLOCKS = YES;
				GCC_WARN_64_TO_32_BIT_CONVERSION = YES;
				GCC_WARN_ABOUT_RETURN_TYPE = YES_ERROR;
				GCC_WARN_UNDECLARED_SELECTOR = YES;
				GCC_WARN_UNINITIALIZED_AUTOS = YES_AGGRESSIVE;
				GCC_WARN_UNUSED_FUNCTION = YES;
				GCC_WARN_UNUSED_VARIABLE = YES;
				IPHONEOS_DEPLOYMENT_TARGET = 18.2;
				LOCALIZATION_PREFERS_STRING_CATALOGS = YES;
				MTL_ENABLE_DEBUG_INFO = NO;
				MTL_FAST_MATH = YES;
				SDKROOT = iphoneos;
				SWIFT_COMPILATION_MODE = wholemodule;
				VALIDATE_PRODUCT = YES;
			};
			name = Release;
		};
		D9212C142D9DB357005AED87 /* Debug */ = {
			isa = XCBuildConfiguration;
			buildSettings = {
				ASSETCATALOG_COMPILER_APPICON_NAME = AppIcon;
				ASSETCATALOG_COMPILER_GLOBAL_ACCENT_COLOR_NAME = AccentColor;
				CODE_SIGN_STYLE = Automatic;
				CURRENT_PROJECT_VERSION = 1;
				DEVELOPMENT_ASSET_PATHS = "\"SelfGrowth/Preview Content\"";
				ENABLE_PREVIEWS = YES;
				GENERATE_INFOPLIST_FILE = YES;
				INFOPLIST_KEY_UIApplicationSceneManifest_Generation = YES;
				INFOPLIST_KEY_UIApplicationSupportsIndirectInputEvents = YES;
				INFOPLIST_KEY_UILaunchScreen_Generation = YES;
				INFOPLIST_KEY_UISupportedInterfaceOrientations_iPad = "UIInterfaceOrientationPortrait UIInterfaceOrientationPortraitUpsideDown UIInterfaceOrientationLandscapeLeft UIInterfaceOrientationLandscapeRight";
				INFOPLIST_KEY_UISupportedInterfaceOrientations_iPhone = "UIInterfaceOrientationPortrait UIInterfaceOrientationLandscapeLeft UIInterfaceOrientationLandscapeRight";
				LD_RUNPATH_SEARCH_PATHS = (
					"$(inherited)",
					"@executable_path/Frameworks",
				);
				MARKETING_VERSION = 1.0;
				PRODUCT_BUNDLE_IDENTIFIER = org.sasha.SelfGrowth;
				PRODUCT_NAME = "$(TARGET_NAME)";
				SWIFT_EMIT_LOC_STRINGS = YES;
				SWIFT_VERSION = 5.0;
				TARGETED_DEVICE_FAMILY = "1,2";
			};
			name = Debug;
		};
		D9212C152D9DB357005AED87 /* Release */ = {
			isa = XCBuildConfiguration;
			buildSettings = {
				ASSETCATALOG_COMPILER_APPICON_NAME = AppIcon;
				ASSETCATALOG_COMPILER_GLOBAL_ACCENT_COLOR_NAME = AccentColor;
				CODE_SIGN_STYLE = Automatic;
				CURRENT_PROJECT_VERSION = 1;
				DEVELOPMENT_ASSET_PATHS = "\"SelfGrowth/Preview Content\"";
				ENABLE_PREVIEWS = YES;
				GENERATE_INFOPLIST_FILE = YES;
				INFOPLIST_KEY_UIApplicationSceneManifest_Generation = YES;
				INFOPLIST_KEY_UIApplicationSupportsIndirectInputEvents = YES;
				INFOPLIST_KEY_UILaunchScreen_Generation = YES;
				INFOPLIST_KEY_UISupportedInterfaceOrientations_iPad = "UIInterfaceOrientationPortrait UIInterfaceOrientationPortraitUpsideDown UIInterfaceOrientationLandscapeLeft UIInterfaceOrientationLandscapeRight";
				INFOPLIST_KEY_UISupportedInterfaceOrientations_iPhone = "UIInterfaceOrientationPortrait UIInterfaceOrientationLandscapeLeft UIInterfaceOrientationLandscapeRight";
				LD_RUNPATH_SEARCH_PATHS = (
					"$(inherited)",
					"@executable_path/Frameworks",
				);
				MARKETING_VERSION = 1.0;
				PRODUCT_BUNDLE_IDENTIFIER = org.sasha.SelfGrowth;
				PRODUCT_NAME = "$(TARGET_NAME)";
				SWIFT_EMIT_LOC_STRINGS = YES;
				SWIFT_VERSION = 5.0;
				TARGETED_DEVICE_FAMILY = "1,2";
			};
			name = Release;
		};
		D9212C172D9DB357005AED87 /* Debug */ = {
			isa = XCBuildConfiguration;
			buildSettings = {
				BUNDLE_LOADER = "$(TEST_HOST)";
				CODE_SIGN_STYLE = Automatic;
				CURRENT_PROJECT_VERSION = 1;
				GENERATE_INFOPLIST_FILE = YES;
				IPHONEOS_DEPLOYMENT_TARGET = 18.2;
				MARKETING_VERSION = 1.0;
				PRODUCT_BUNDLE_IDENTIFIER = org.sasha.SelfGrowthTests;
				PRODUCT_NAME = "$(TARGET_NAME)";
				SWIFT_EMIT_LOC_STRINGS = NO;
				SWIFT_VERSION = 5.0;
				TARGETED_DEVICE_FAMILY = "1,2";
				TEST_HOST = "$(BUILT_PRODUCTS_DIR)/SelfGrowth.app/$(BUNDLE_EXECUTABLE_FOLDER_PATH)/SelfGrowth";
			};
			name = Debug;
		};
		D9212C182D9DB357005AED87 /* Release */ = {
			isa = XCBuildConfiguration;
			buildSettings = {
				BUNDLE_LOADER = "$(TEST_HOST)";
				CODE_SIGN_STYLE = Automatic;
				CURRENT_PROJECT_VERSION = 1;
				GENERATE_INFOPLIST_FILE = YES;
				IPHONEOS_DEPLOYMENT_TARGET = 18.2;
				MARKETING_VERSION = 1.0;
				PRODUCT_BUNDLE_IDENTIFIER = org.sasha.SelfGrowthTests;
				PRODUCT_NAME = "$(TARGET_NAME)";
				SWIFT_EMIT_LOC_STRINGS = NO;
				SWIFT_VERSION = 5.0;
				TARGETED_DEVICE_FAMILY = "1,2";
				TEST_HOST = "$(BUILT_PRODUCTS_DIR)/SelfGrowth.app/$(BUNDLE_EXECUTABLE_FOLDER_PATH)/SelfGrowth";
			};
			name = Release;
		};
		D9212C1A2D9DB357005AED87 /* Debug */ = {
			isa = XCBuildConfiguration;
			buildSettings = {
				CODE_SIGN_STYLE = Automatic;
				CURRENT_PROJECT_VERSION = 1;
				GENERATE_INFOPLIST_FILE = YES;
				MARKETING_VERSION = 1.0;
				PRODUCT_BUNDLE_IDENTIFIER = org.sasha.SelfGrowthUITests;
				PRODUCT_NAME = "$(TARGET_NAME)";
				SWIFT_EMIT_LOC_STRINGS = NO;
				SWIFT_VERSION = 5.0;
				TARGETED_DEVICE_FAMILY = "1,2";
				TEST_TARGET_NAME = SelfGrowth;
			};
			name = Debug;
		};
		D9212C1B2D9DB357005AED87 /* Release */ = {
			isa = XCBuildConfiguration;
			buildSettings = {
				CODE_SIGN_STYLE = Automatic;
				CURRENT_PROJECT_VERSION = 1;
				GENERATE_INFOPLIST_FILE = YES;
				MARKETING_VERSION = 1.0;
				PRODUCT_BUNDLE_IDENTIFIER = org.sasha.SelfGrowthUITests;
				PRODUCT_NAME = "$(TARGET_NAME)";
				SWIFT_EMIT_LOC_STRINGS = NO;
				SWIFT_VERSION = 5.0;
				TARGETED_DEVICE_FAMILY = "1,2";
				TEST_TARGET_NAME = SelfGrowth;
			};
			name = Release;
		};
/* End XCBuildConfiguration section */

/* Begin XCConfigurationList section */
		D9212BE82D9DB356005AED87 /* Build configuration list for PBXProject "SelfGrowth" */ = {
			isa = XCConfigurationList;
			buildConfigurations = (
				D9212C112D9DB357005AED87 /* Debug */,
				D9212C122D9DB357005AED87 /* Release */,
			);
			defaultConfigurationIsVisible = 0;
			defaultConfigurationName = Release;
		};
		D9212C132D9DB357005AED87 /* Build configuration list for PBXNativeTarget "SelfGrowth" */ = {
			isa = XCConfigurationList;
			buildConfigurations = (
				D9212C142D9DB357005AED87 /* Debug */,
				D9212C152D9DB357005AED87 /* Release */,
			);
			defaultConfigurationIsVisible = 0;
			defaultConfigurationName = Release;
		};
		D9212C162D9DB357005AED87 /* Build configuration list for PBXNativeTarget "SelfGrowthTests" */ = {
			isa = XCConfigurationList;
			buildConfigurations = (
				D9212C172D9DB357005AED87 /* Debug */,
				D9212C182D9DB357005AED87 /* Release */,
			);
			defaultConfigurationIsVisible = 0;
			defaultConfigurationName = Release;
		};
		D9212C192D9DB357005AED87 /* Build configuration list for PBXNativeTarget "SelfGrowthUITests" */ = {
			isa = XCConfigurationList;
			buildConfigurations = (
				D9212C1A2D9DB357005AED87 /* Debug */,
				D9212C1B2D9DB357005AED87 /* Release */,
			);
			defaultConfigurationIsVisible = 0;
			defaultConfigurationName = Release;
		};
/* End XCConfigurationList section */
	};
	rootObject = D9212BE52D9DB356005AED87 /* Project object */;
}
